{
  "name": "lanchatapp-p2p",
  "version": "1.0.0",
  "lockfileVersion": 3,
  "requires": true,
  "packages": {
    "": {
      "name": "lanchatapp-p2p",
      "version": "1.0.0",
      "dependencies": {
        "express": "^4.18.2",
        "ws": "^8.13.0"
      }
    },
    "node_modules/accepts": {
      "version": "1.3.8",
      "resolved": "https://registry.npmjs.org/accepts/-/accepts-1.3.8.tgz",
      "integrity": "sha512-/...",
      "dependencies": {
        "mime-types": "~2.1.35",
        "negotiator": "0.6.3"
      }
    },
    "node_modules/ws": {
      "version": "8.13.0",
      "resolved": "https://registry.npmjs.org/ws/-/ws-8.13.0.tgz",
      "integrity": "sha512-/..."
    }
    // ... lockfile will include all nested dependencies (generated by npm install)
  }
}